
Microsoft Visual Studio Solution File, Format Version 12.00
Project("{2150E333-8FDC-42A3-9474-1A3956D46DE8}") = "playground", "playground", "{B039A747-4D27-42FE-91A9-9BE4F0F768E1}"
EndProject
Project("{F2A71F9B-5D33-465A-A702-920D77279786}") = "HelloFSharp", "playground\HelloFSharp\HelloFSharp.fsproj", "{14432A86-A214-41A6-A000-A8381DA6C6DD}"
EndProject
Global
	GlobalSection(SolutionConfigurationPlatforms) = preSolution
		Debug|Any CPU = Debug|Any CPU
		Release|Any CPU = Release|Any CPU
	EndGlobalSection
	GlobalSection(NestedProjects) = preSolution
		{14432A86-A214-41A6-A000-A8381DA6C6DD} = {B039A747-4D27-42FE-91A9-9BE4F0F768E1}
	EndGlobalSection
	GlobalSection(ProjectConfigurationPlatforms) = postSolution
		{14432A86-A214-41A6-A000-A8381DA6C6DD}.Debug|Any CPU.ActiveCfg = Debug|Any CPU
		{14432A86-A214-41A6-A000-A8381DA6C6DD}.Debug|Any CPU.Build.0 = Debug|Any CPU
		{14432A86-A214-41A6-A000-A8381DA6C6DD}.Release|Any CPU.ActiveCfg = Release|Any CPU
		{14432A86-A214-41A6-A000-A8381DA6C6DD}.Release|Any CPU.Build.0 = Release|Any CPU
	EndGlobalSection
EndGlobal
